
Microsoft Visual Studio Solution File, Format Version 12.00
# Visual Studio Version 17
VisualStudioVersion = 17.13.35507.96 d17.13
MinimumVisualStudioVersion = 10.0.40219.1
Project("{FAE04EC0-301F-11D3-BF4B-00C04F79EFBC}") = "MessageBarDemo", "Source\MessageBarDemo.csproj", "{9B9B1D39-F3D9-4F31-8D5B-0735D2640980}"
EndProject
Global
	GlobalSection(SolutionConfigurationPlatforms) = preSolution
		Debug|Any CPU = Debug|Any CPU
		Release|Any CPU = Release|Any CPU
	EndGlobalSection
	GlobalSection(ProjectConfigurationPlatforms) = postSolution
		{9B9B1D39-F3D9-4F31-8D5B-0735D2640980}.Debug|Any CPU.ActiveCfg = Debug|Any CPU
		{9B9B1D39-F3D9-4F31-8D5B-0735D2640980}.Debug|Any CPU.Build.0 = Debug|Any CPU
		{9B9B1D39-F3D9-4F31-8D5B-0735D2640980}.Release|Any CPU.ActiveCfg = Release|Any CPU
		{9B9B1D39-F3D9-4F31-8D5B-0735D2640980}.Release|Any CPU.Build.0 = Release|Any CPU
	EndGlobalSection
	GlobalSection(SolutionProperties) = preSolution
		HideSolutionNode = FALSE
	EndGlobalSection
	GlobalSection(ExtensibilityGlobals) = postSolution
		SolutionGuid = {2014F43C-792C-44DA-B0EA-A75D43ABB7B1}
	EndGlobalSection
EndGlobal
